
Microsoft Visual Studio Solution File, Format Version 12.00
# Visual Studio Version 16
VisualStudioVersion = 16.0.30907.101
MinimumVisualStudioVersion = 10.0.40219.1
Project("{9A19103F-16F7-4668-BE54-9A1E7A4F7556}") = "Oldmansoft.ClassicDomain", "Oldmansoft.ClassicDomain\Oldmansoft.ClassicDomain.csproj", "{B782E792-059C-46CA-92C9-F2A1CF5FCA24}"
EndProject
Project("{FAE04EC0-301F-11D3-BF4B-00C04F79EFBC}") = "Oldmansoft.ClassicDomain.Driver.Mongo", "Oldmansoft.ClassicDomain.Driver.Mongo\Oldmansoft.ClassicDomain.Driver.Mongo.csproj", "{72842575-0080-47E7-8BFE-CA2EA6E81C19}"
EndProject
Project("{FAE04EC0-301F-11D3-BF4B-00C04F79EFBC}") = "Oldmansoft.ClassicDomain.Driver.Redis", "Oldmansoft.ClassicDomain.Driver.Redis\Oldmansoft.ClassicDomain.Driver.Redis.csproj", "{1047C332-F973-4ED8-A3F2-D0B723870645}"
EndProject
Project("{FAE04EC0-301F-11D3-BF4B-00C04F79EFBC}") = "Oldmansoft.ClassicDomain.Driver.EF", "Oldmansoft.ClassicDomain.Driver.EF\Oldmansoft.ClassicDomain.Driver.EF.csproj", "{60780333-CFDF-4D4F-A446-FE1544865170}"
EndProject
Global
	GlobalSection(SolutionConfigurationPlatforms) = preSolution
		Debug|Any CPU = Debug|Any CPU
		Release|Any CPU = Release|Any CPU
	EndGlobalSection
	GlobalSection(ProjectConfigurationPlatforms) = postSolution
		{B782E792-059C-46CA-92C9-F2A1CF5FCA24}.Debug|Any CPU.ActiveCfg = Debug|Any CPU
		{B782E792-059C-46CA-92C9-F2A1CF5FCA24}.Debug|Any CPU.Build.0 = Debug|Any CPU
		{B782E792-059C-46CA-92C9-F2A1CF5FCA24}.Release|Any CPU.ActiveCfg = Release|Any CPU
		{B782E792-059C-46CA-92C9-F2A1CF5FCA24}.Release|Any CPU.Build.0 = Release|Any CPU
		{72842575-0080-47E7-8BFE-CA2EA6E81C19}.Debug|Any CPU.ActiveCfg = Debug|Any CPU
		{72842575-0080-47E7-8BFE-CA2EA6E81C19}.Debug|Any CPU.Build.0 = Debug|Any CPU
		{72842575-0080-47E7-8BFE-CA2EA6E81C19}.Release|Any CPU.ActiveCfg = Release|Any CPU
		{72842575-0080-47E7-8BFE-CA2EA6E81C19}.Release|Any CPU.Build.0 = Release|Any CPU
		{1047C332-F973-4ED8-A3F2-D0B723870645}.Debug|Any CPU.ActiveCfg = Debug|Any CPU
		{1047C332-F973-4ED8-A3F2-D0B723870645}.Debug|Any CPU.Build.0 = Debug|Any CPU
		{1047C332-F973-4ED8-A3F2-D0B723870645}.Release|Any CPU.ActiveCfg = Release|Any CPU
		{1047C332-F973-4ED8-A3F2-D0B723870645}.Release|Any CPU.Build.0 = Release|Any CPU
		{60780333-CFDF-4D4F-A446-FE1544865170}.Debug|Any CPU.ActiveCfg = Debug|Any CPU
		{60780333-CFDF-4D4F-A446-FE1544865170}.Debug|Any CPU.Build.0 = Debug|Any CPU
		{60780333-CFDF-4D4F-A446-FE1544865170}.Release|Any CPU.ActiveCfg = Release|Any CPU
		{60780333-CFDF-4D4F-A446-FE1544865170}.Release|Any CPU.Build.0 = Release|Any CPU
	EndGlobalSection
	GlobalSection(SolutionProperties) = preSolution
		HideSolutionNode = FALSE
	EndGlobalSection
	GlobalSection(ExtensibilityGlobals) = postSolution
		SolutionGuid = {419D291D-4372-4AC1-8566-7F2DA04D71E2}
	EndGlobalSection
EndGlobal
