
Microsoft Visual Studio Solution File, Format Version 12.00
# Visual Studio 14
VisualStudioVersion = 14.0.24720.0
MinimumVisualStudioVersion = 10.0.40219.1
Project("{2150E333-8FDC-42A3-9474-1A3956D46DE8}") = "UnitTest", "UnitTest", "{64246EAC-CFC6-4BA0-822F-5965D791A460}"
EndProject
Project("{FAE04EC0-301F-11D3-BF4B-00C04F79EFBC}") = "UnitTest.ClassicDomain", "UnitTest.ClassicDomain\UnitTest.ClassicDomain.csproj", "{77069DE4-F56A-4A0D-AB2D-44DE8C3BE536}"
EndProject
Project("{FAE04EC0-301F-11D3-BF4B-00C04F79EFBC}") = "Oldmansoft.ClassicDomain", "Oldmansoft.ClassicDomain\Oldmansoft.ClassicDomain.csproj", "{C3FEEACF-F84A-469F-8BE8-573DFD9FDEC1}"
EndProject
Global
	GlobalSection(SolutionConfigurationPlatforms) = preSolution
		Debug|Any CPU = Debug|Any CPU
		Release|Any CPU = Release|Any CPU
	EndGlobalSection
	GlobalSection(ProjectConfigurationPlatforms) = postSolution
		{77069DE4-F56A-4A0D-AB2D-44DE8C3BE536}.Debug|Any CPU.ActiveCfg = Debug|Any CPU
		{77069DE4-F56A-4A0D-AB2D-44DE8C3BE536}.Debug|Any CPU.Build.0 = Debug|Any CPU
		{77069DE4-F56A-4A0D-AB2D-44DE8C3BE536}.Release|Any CPU.ActiveCfg = Release|Any CPU
		{77069DE4-F56A-4A0D-AB2D-44DE8C3BE536}.Release|Any CPU.Build.0 = Release|Any CPU
		{C3FEEACF-F84A-469F-8BE8-573DFD9FDEC1}.Debug|Any CPU.ActiveCfg = Debug|Any CPU
		{C3FEEACF-F84A-469F-8BE8-573DFD9FDEC1}.Debug|Any CPU.Build.0 = Debug|Any CPU
		{C3FEEACF-F84A-469F-8BE8-573DFD9FDEC1}.Release|Any CPU.ActiveCfg = Release|Any CPU
		{C3FEEACF-F84A-469F-8BE8-573DFD9FDEC1}.Release|Any CPU.Build.0 = Release|Any CPU
	EndGlobalSection
	GlobalSection(SolutionProperties) = preSolution
		HideSolutionNode = FALSE
	EndGlobalSection
	GlobalSection(NestedProjects) = preSolution
		{77069DE4-F56A-4A0D-AB2D-44DE8C3BE536} = {64246EAC-CFC6-4BA0-822F-5965D791A460}
	EndGlobalSection
EndGlobal
